
Microsoft Visual Studio Solution File, Format Version 12.00
Project("{FAE04EC0-301F-11D3-BF4B-00C04F79EFBC}") = "md", "md\md.csproj", "{91AD105D-9E5C-492F-8AAC-4ACE4F7F6160}"
EndProject
Global
	GlobalSection(SolutionConfigurationPlatforms) = preSolution
		Debug|Any CPU = Debug|Any CPU
		Release|Any CPU = Release|Any CPU
	EndGlobalSection
	GlobalSection(ProjectConfigurationPlatforms) = postSolution
		{91AD105D-9E5C-492F-8AAC-4ACE4F7F6160}.Debug|Any CPU.ActiveCfg = Debug|Any CPU
		{91AD105D-9E5C-492F-8AAC-4ACE4F7F6160}.Debug|Any CPU.Build.0 = Debug|Any CPU
		{91AD105D-9E5C-492F-8AAC-4ACE4F7F6160}.Release|Any CPU.ActiveCfg = Release|Any CPU
		{91AD105D-9E5C-492F-8AAC-4ACE4F7F6160}.Release|Any CPU.Build.0 = Release|Any CPU
	EndGlobalSection
EndGlobal
